
Microsoft Visual Studio Solution File, Format Version 12.00
# Visual Studio Version 17
VisualStudioVersion = 17.8.34322.80
MinimumVisualStudioVersion = 10.0.40219.1
Project("{FAE04EC0-301F-11D3-BF4B-00C04F79EFBC}") = "TPDojo", "TPDojo\TPDojo.csproj", "{C13F4C2D-4168-4A9E-9A8B-AB45EF246913}"
EndProject
Project("{FAE04EC0-301F-11D3-BF4B-00C04F79EFBC}") = "BO", "BO\BO.csproj", "{58F099B5-DC04-4191-A61D-C8B99F4A75E6}"
EndProject
Global
	GlobalSection(SolutionConfigurationPlatforms) = preSolution
		Debug|Any CPU = Debug|Any CPU
		Release|Any CPU = Release|Any CPU
	EndGlobalSection
	GlobalSection(ProjectConfigurationPlatforms) = postSolution
		{C13F4C2D-4168-4A9E-9A8B-AB45EF246913}.Debug|Any CPU.ActiveCfg = Debug|Any CPU
		{C13F4C2D-4168-4A9E-9A8B-AB45EF246913}.Debug|Any CPU.Build.0 = Debug|Any CPU
		{C13F4C2D-4168-4A9E-9A8B-AB45EF246913}.Release|Any CPU.ActiveCfg = Release|Any CPU
		{C13F4C2D-4168-4A9E-9A8B-AB45EF246913}.Release|Any CPU.Build.0 = Release|Any CPU
		{58F099B5-DC04-4191-A61D-C8B99F4A75E6}.Debug|Any CPU.ActiveCfg = Debug|Any CPU
		{58F099B5-DC04-4191-A61D-C8B99F4A75E6}.Debug|Any CPU.Build.0 = Debug|Any CPU
		{58F099B5-DC04-4191-A61D-C8B99F4A75E6}.Release|Any CPU.ActiveCfg = Release|Any CPU
		{58F099B5-DC04-4191-A61D-C8B99F4A75E6}.Release|Any CPU.Build.0 = Release|Any CPU
	EndGlobalSection
	GlobalSection(SolutionProperties) = preSolution
		HideSolutionNode = FALSE
	EndGlobalSection
	GlobalSection(ExtensibilityGlobals) = postSolution
		SolutionGuid = {86AED359-2D66-4809-A8F8-DABB1BFB86D0}
	EndGlobalSection
EndGlobal
